<Solution>
  <Folder Name="/samples/">
    <Project Path="samples/WinFormsAppNet8/WinFormsAppNet8.csproj" />
  </Folder>
  <Folder Name="/src/">
    <Project Path="src/CommandForWinForms/CommandForWinForms.csproj" />
  </Folder>
  <Folder Name="/tests/">
    <Project Path="tests/CommandForWinForms.Tests/CommandForWinForms.Tests.csproj" />
  </Folder>
</Solution>
